
Microsoft Visual Studio Solution File, Format Version 12.00
# Visual Studio Version 16
VisualStudioVersion = 16.0.30114.105
MinimumVisualStudioVersion = 10.0.40219.1
Project("{FAE04EC0-301F-11D3-BF4B-00C04F79EFBC}") = "PathFinderCharacterCreator", "PathFinderCharacterCreator\PathFinderCharacterCreator.csproj", "{7261C498-DF25-4CAE-94C6-9BAAB55C38A8}"
EndProject
Global
	GlobalSection(SolutionConfigurationPlatforms) = preSolution
		Debug|Any CPU = Debug|Any CPU
		Release|Any CPU = Release|Any CPU
	EndGlobalSection
	GlobalSection(ProjectConfigurationPlatforms) = postSolution
		{7261C498-DF25-4CAE-94C6-9BAAB55C38A8}.Debug|Any CPU.ActiveCfg = Debug|Any CPU
		{7261C498-DF25-4CAE-94C6-9BAAB55C38A8}.Debug|Any CPU.Build.0 = Debug|Any CPU
		{7261C498-DF25-4CAE-94C6-9BAAB55C38A8}.Release|Any CPU.ActiveCfg = Release|Any CPU
		{7261C498-DF25-4CAE-94C6-9BAAB55C38A8}.Release|Any CPU.Build.0 = Release|Any CPU
	EndGlobalSection
	GlobalSection(SolutionProperties) = preSolution
		HideSolutionNode = FALSE
	EndGlobalSection
	GlobalSection(ExtensibilityGlobals) = postSolution
		SolutionGuid = {76B41416-D1D6-4C1C-AE4F-66C3D60267E2}
	EndGlobalSection
EndGlobal
